// !$*UTF8*$!
{
	archiveVersion = 1;
	classes = {
	};
	objectVersion = 77;
	objects = {

/* Begin PBXBuildFile section */
		D73043832EDE7C000059DD01 /* Runestone in Frameworks */ = {isa = PBXBuildFile; productRef = D73043842EDE7C000059DD01 /* Runestone */; };
		D730457E2EDE7B030059DD01 /* TreeSitterCSSRunestone in Frameworks */ = {isa = PBXBuildFile; productRef = D730457D2EDE7B030059DD01 /* TreeSitterCSSRunestone */; };
		D73045802EDE7B030059DD01 /* TreeSitterHTMLRunestone in Frameworks */ = {isa = PBXBuildFile; productRef = D730457F2EDE7B030059DD01 /* TreeSitterHTMLRunestone */; };
		D73045822EDE7B030059DD01 /* TreeSitterJavaScriptRunestone in Frameworks */ = {isa = PBXBuildFile; productRef = D73045812EDE7B030059DD01 /* TreeSitterJavaScriptRunestone */; };
		D73047E92EDE7D230059DD01 /* OpenAI in Frameworks */ = {isa = PBXBuildFile; productRef = D73047E82EDE7D230059DD01 /* OpenAI */; };
		D73048A02EE04B4C0059DD01 /* Kingfisher in Frameworks */ = {isa = PBXBuildFile; productRef = D730489F2EE04B4C0059DD01 /* Kingfisher */; };
		D7486DD32F66501400F13D19 /* ClerkKit in Frameworks */ = {isa = PBXBuildFile; productRef = D7486DD22F66501400F13D19 /* ClerkKit */; };
		D7486DD52F66501400F13D19 /* ClerkKitUI in Frameworks */ = {isa = PBXBuildFile; productRef = D7486DD42F66501400F13D19 /* ClerkKitUI */; };
/* End PBXBuildFile section */

/* Begin PBXContainerItemProxy section */
		D7BF49B62EDDAA1400218489 /* PBXContainerItemProxy */ = {
			isa = PBXContainerItemProxy;
			containerPortal = D7BF49A02EDDAA1200218489 /* Project object */;
			proxyType = 1;
			remoteGlobalIDString = D7BF49A72EDDAA1200218489;
			remoteInfo = Swipop;
		};
		D7BF49C02EDDAA1400218489 /* PBXContainerItemProxy */ = {
			isa = PBXContainerItemProxy;
			containerPortal = D7BF49A02EDDAA1200218489 /* Project object */;
			proxyType = 1;
			remoteGlobalIDString = D7BF49A72EDDAA1200218489;
			remoteInfo = Swipop;
		};
/* End PBXContainerItemProxy section */

/* Begin PBXFileReference section */
		D7C0F1A02F67000A0059DD01 /* Debug.xcconfig */ = {isa = PBXFileReference; lastKnownFileType = text.xcconfig; path = Debug.xcconfig; sourceTree = "<group>"; };
		D7C0F1A12F67000A0059DD01 /* Release.xcconfig */ = {isa = PBXFileReference; lastKnownFileType = text.xcconfig; path = Release.xcconfig; sourceTree = "<group>"; };
		D7BF49A82EDDAA1200218489 /* Swipop.app */ = {isa = PBXFileReference; explicitFileType = wrapper.application; includeInIndex = 0; path = Swipop.app; sourceTree = BUILT_PRODUCTS_DIR; };
		D7BF49B52EDDAA1400218489 /* SwipopTests.xctest */ = {isa = PBXFileReference; explicitFileType = wrapper.cfbundle; includeInIndex = 0; path = SwipopTests.xctest; sourceTree = BUILT_PRODUCTS_DIR; };
		D7BF49BF2EDDAA1400218489 /* SwipopUITests.xctest */ = {isa = PBXFileReference; explicitFileType = wrapper.cfbundle; includeInIndex = 0; path = SwipopUITests.xctest; sourceTree = BUILT_PRODUCTS_DIR; };
/* End PBXFileReference section */

/* Begin PBXFileSystemSynchronizedRootGroup section */
		D7BF49AA2EDDAA1200218489 /* Swipop */ = {
			isa = PBXFileSystemSynchronizedRootGroup;
			path = Swipop;
			sourceTree = "<group>";
		};
		D7BF49B82EDDAA1400218489 /* SwipopTests */ = {
			isa = PBXFileSystemSynchronizedRootGroup;
			path = SwipopTests;
			sourceTree = "<group>";
		};
		D7BF49C22EDDAA1400218489 /* SwipopUITests */ = {
			isa = PBXFileSystemSynchronizedRootGroup;
			path = SwipopUITests;
			sourceTree = "<group>";
		};
/* End PBXFileSystemSynchronizedRootGroup section */

/* Begin PBXFrameworksBuildPhase section */
		D7BF49A52EDDAA1200218489 /* Frameworks */ = {
			isa = PBXFrameworksBuildPhase;
			buildActionMask = 2147483647;
			files = (
				D73043832EDE7C000059DD01 /* Runestone in Frameworks */,
				D73045822EDE7B030059DD01 /* TreeSitterJavaScriptRunestone in Frameworks */,
				D73047E92EDE7D230059DD01 /* OpenAI in Frameworks */,
				D73048A02EE04B4C0059DD01 /* Kingfisher in Frameworks */,
				D73045802EDE7B030059DD01 /* TreeSitterHTMLRunestone in Frameworks */,
				D730457E2EDE7B030059DD01 /* TreeSitterCSSRunestone in Frameworks */,
				D7486DD32F66501400F13D19 /* ClerkKit in Frameworks */,
				D7486DD52F66501400F13D19 /* ClerkKitUI in Frameworks */,
			);
			runOnlyForDeploymentPostprocessing = 0;
		};
		D7BF49B22EDDAA1400218489 /* Frameworks */ = {
			isa = PBXFrameworksBuildPhase;
			buildActionMask = 2147483647;
			files = (
			);
			runOnlyForDeploymentPostprocessing = 0;
		};
		D7BF49BC2EDDAA1400218489 /* Frameworks */ = {
			isa = PBXFrameworksBuildPhase;
			buildActionMask = 2147483647;
			files = (
			);
			runOnlyForDeploymentPostprocessing = 0;
		};
/* End PBXFrameworksBuildPhase section */

/* Begin PBXGroup section */
		D7C0F1A22F67000A0059DD01 /* Config */ = {
			isa = PBXGroup;
			children = (
				D7C0F1A02F67000A0059DD01 /* Debug.xcconfig */,
				D7C0F1A12F67000A0059DD01 /* Release.xcconfig */,
			);
			path = Config;
			sourceTree = "<group>";
		};
		D7BF499F2EDDAA1200218489 = {
			isa = PBXGroup;
			children = (
				D7C0F1A22F67000A0059DD01 /* Config */,
				D7BF49AA2EDDAA1200218489 /* Swipop */,
				D7BF49B82EDDAA1400218489 /* SwipopTests */,
				D7BF49C22EDDAA1400218489 /* SwipopUITests */,
				D7BF49A92EDDAA1200218489 /* Products */,
			);
			sourceTree = "<group>";
		};
		D7BF49A92EDDAA1200218489 /* Products */ = {
			isa = PBXGroup;
			children = (
				D7BF49A82EDDAA1200218489 /* Swipop.app */,
				D7BF49B52EDDAA1400218489 /* SwipopTests.xctest */,
				D7BF49BF2EDDAA1400218489 /* SwipopUITests.xctest */,
			);
			name = Products;
			sourceTree = "<group>";
		};
/* End PBXGroup section */

/* Begin PBXNativeTarget section */
		D7BF49A72EDDAA1200218489 /* Swipop */ = {
			isa = PBXNativeTarget;
			buildConfigurationList = D7BF49C92EDDAA1400218489 /* Build configuration list for PBXNativeTarget "Swipop" */;
			buildPhases = (
				D7BF49A42EDDAA1200218489 /* Sources */,
				D7BF49A52EDDAA1200218489 /* Frameworks */,
				D7BF49A62EDDAA1200218489 /* Resources */,
			);
			buildRules = (
			);
			dependencies = (
			);
			fileSystemSynchronizedGroups = (
				D7BF49AA2EDDAA1200218489 /* Swipop */,
			);
			name = Swipop;
			packageProductDependencies = (
				D73043842EDE7C000059DD01 /* Runestone */,
				D730457D2EDE7B030059DD01 /* TreeSitterCSSRunestone */,
				D730457F2EDE7B030059DD01 /* TreeSitterHTMLRunestone */,
				D73045812EDE7B030059DD01 /* TreeSitterJavaScriptRunestone */,
				D73047E82EDE7D230059DD01 /* OpenAI */,
				D730489F2EE04B4C0059DD01 /* Kingfisher */,
				D7486DD22F66501400F13D19 /* ClerkKit */,
				D7486DD42F66501400F13D19 /* ClerkKitUI */,
			);
			productName = Swipop;
			productReference = D7BF49A82EDDAA1200218489 /* Swipop.app */;
			productType = "com.apple.product-type.application";
		};
		D7BF49B42EDDAA1400218489 /* SwipopTests */ = {
			isa = PBXNativeTarget;
			buildConfigurationList = D7BF49CC2EDDAA1400218489 /* Build configuration list for PBXNativeTarget "SwipopTests" */;
			buildPhases = (
				D7BF49B12EDDAA1400218489 /* Sources */,
				D7BF49B22EDDAA1400218489 /* Frameworks */,
				D7BF49B32EDDAA1400218489 /* Resources */,
			);
			buildRules = (
			);
			dependencies = (
				D7BF49B72EDDAA1400218489 /* PBXTargetDependency */,
			);
			fileSystemSynchronizedGroups = (
				D7BF49B82EDDAA1400218489 /* SwipopTests */,
			);
			name = SwipopTests;
			packageProductDependencies = (
			);
			productName = SwipopTests;
			productReference = D7BF49B52EDDAA1400218489 /* SwipopTests.xctest */;
			productType = "com.apple.product-type.bundle.unit-test";
		};
		D7BF49BE2EDDAA1400218489 /* SwipopUITests */ = {
			isa = PBXNativeTarget;
			buildConfigurationList = D7BF49CF2EDDAA1400218489 /* Build configuration list for PBXNativeTarget "SwipopUITests" */;
			buildPhases = (
				D7BF49BB2EDDAA1400218489 /* Sources */,
				D7BF49BC2EDDAA1400218489 /* Frameworks */,
				D7BF49BD2EDDAA1400218489 /* Resources */,
			);
			buildRules = (
			);
			dependencies = (
				D7BF49C12EDDAA1400218489 /* PBXTargetDependency */,
			);
			fileSystemSynchronizedGroups = (
				D7BF49C22EDDAA1400218489 /* SwipopUITests */,
			);
			name = SwipopUITests;
			packageProductDependencies = (
			);
			productName = SwipopUITests;
			productReference = D7BF49BF2EDDAA1400218489 /* SwipopUITests.xctest */;
			productType = "com.apple.product-type.bundle.ui-testing";
		};
/* End PBXNativeTarget section */

/* Begin PBXProject section */
		D7BF49A02EDDAA1200218489 /* Project object */ = {
			isa = PBXProject;
			attributes = {
				BuildIndependentTargetsInParallel = 1;
				LastSwiftUpdateCheck = 2610;
				LastUpgradeCheck = 2610;
				TargetAttributes = {
					D7BF49A72EDDAA1200218489 = {
						CreatedOnToolsVersion = 26.1.1;
					};
					D7BF49B42EDDAA1400218489 = {
						CreatedOnToolsVersion = 26.1.1;
						TestTargetID = D7BF49A72EDDAA1200218489;
					};
					D7BF49BE2EDDAA1400218489 = {
						CreatedOnToolsVersion = 26.1.1;
						TestTargetID = D7BF49A72EDDAA1200218489;
					};
				};
			};
			buildConfigurationList = D7BF49A32EDDAA1200218489 /* Build configuration list for PBXProject "Swipop" */;
			developmentRegion = en;
			hasScannedForEncodings = 0;
			knownRegions = (
				en,
				Base,
			);
			mainGroup = D7BF499F2EDDAA1200218489;
			minimizedProjectReferenceProxies = 1;
			packageReferences = (
				D73043672EDE77540059DD01 /* XCRemoteSwiftPackageReference "Runestone" */,
				D730457C2EDE7B030059DD01 /* XCRemoteSwiftPackageReference "TreeSitterLanguages" */,
				D73047E72EDE7D230059DD01 /* XCRemoteSwiftPackageReference "OpenAI" */,
				D730489E2EE04B4C0059DD01 /* XCRemoteSwiftPackageReference "Kingfisher" */,
				D7486DD12F66501400F13D19 /* XCRemoteSwiftPackageReference "clerk-ios" */,
			);
			preferredProjectObjectVersion = 77;
			productRefGroup = D7BF49A92EDDAA1200218489 /* Products */;
			projectDirPath = "";
			projectRoot = "";
			targets = (
				D7BF49A72EDDAA1200218489 /* Swipop */,
				D7BF49B42EDDAA1400218489 /* SwipopTests */,
				D7BF49BE2EDDAA1400218489 /* SwipopUITests */,
			);
		};
/* End PBXProject section */

/* Begin PBXResourcesBuildPhase section */
		D7BF49A62EDDAA1200218489 /* Resources */ = {
			isa = PBXResourcesBuildPhase;
			buildActionMask = 2147483647;
			files = (
			);
			runOnlyForDeploymentPostprocessing = 0;
		};
		D7BF49B32EDDAA1400218489 /* Resources */ = {
			isa = PBXResourcesBuildPhase;
			buildActionMask = 2147483647;
			files = (
			);
			runOnlyForDeploymentPostprocessing = 0;
		};
		D7BF49BD2EDDAA1400218489 /* Resources */ = {
			isa = PBXResourcesBuildPhase;
			buildActionMask = 2147483647;
			files = (
			);
			runOnlyForDeploymentPostprocessing = 0;
		};
/* End PBXResourcesBuildPhase section */

/* Begin PBXSourcesBuildPhase section */
		D7BF49A42EDDAA1200218489 /* Sources */ = {
			isa = PBXSourcesBuildPhase;
			buildActionMask = 2147483647;
			files = (
			);
			runOnlyForDeploymentPostprocessing = 0;
		};
		D7BF49B12EDDAA1400218489 /* Sources */ = {
			isa = PBXSourcesBuildPhase;
			buildActionMask = 2147483647;
			files = (
			);
			runOnlyForDeploymentPostprocessing = 0;
		};
		D7BF49BB2EDDAA1400218489 /* Sources */ = {
			isa = PBXSourcesBuildPhase;
			buildActionMask = 2147483647;
			files = (
			);
			runOnlyForDeploymentPostprocessing = 0;
		};
/* End PBXSourcesBuildPhase section */

/* Begin PBXTargetDependency section */
		D7BF49B72EDDAA1400218489 /* PBXTargetDependency */ = {
			isa = PBXTargetDependency;
			target = D7BF49A72EDDAA1200218489 /* Swipop */;
			targetProxy = D7BF49B62EDDAA1400218489 /* PBXContainerItemProxy */;
		};
		D7BF49C12EDDAA1400218489 /* PBXTargetDependency */ = {
			isa = PBXTargetDependency;
			target = D7BF49A72EDDAA1200218489 /* Swipop */;
			targetProxy = D7BF49C02EDDAA1400218489 /* PBXContainerItemProxy */;
		};
/* End PBXTargetDependency section */

/* Begin XCBuildConfiguration section */
		D7BF49C72EDDAA1400218489 /* Debug */ = {
			isa = XCBuildConfiguration;
			baseConfigurationReference = D7C0F1A02F67000A0059DD01 /* Debug.xcconfig */;
			buildSettings = {
				ALWAYS_SEARCH_USER_PATHS = NO;
				ASSETCATALOG_COMPILER_GENERATE_SWIFT_ASSET_SYMBOL_EXTENSIONS = YES;
				CLANG_ANALYZER_NONNULL = YES;
				CLANG_ANALYZER_NUMBER_OBJECT_CONVERSION = YES_AGGRESSIVE;
				CLANG_CXX_LANGUAGE_STANDARD = "gnu++20";
				CLANG_ENABLE_MODULES = YES;
				CLANG_ENABLE_OBJC_ARC = YES;
				CLANG_ENABLE_OBJC_WEAK = YES;
				CLANG_WARN_BLOCK_CAPTURE_AUTORELEASING = YES;
				CLANG_WARN_BOOL_CONVERSION = YES;
				CLANG_WARN_COMMA = YES;
				CLANG_WARN_CONSTANT_CONVERSION = YES;
				CLANG_WARN_DEPRECATED_OBJC_IMPLEMENTATIONS = YES;
				CLANG_WARN_DIRECT_OBJC_ISA_USAGE = YES_ERROR;
				CLANG_WARN_DOCUMENTATION_COMMENTS = YES;
				CLANG_WARN_EMPTY_BODY = YES;
				CLANG_WARN_ENUM_CONVERSION = YES;
				CLANG_WARN_INFINITE_RECURSION = YES;
				CLANG_WARN_INT_CONVERSION = YES;
				CLANG_WARN_NON_LITERAL_NULL_CONVERSION = YES;
				CLANG_WARN_OBJC_IMPLICIT_RETAIN_SELF = YES;
				CLANG_WARN_OBJC_LITERAL_CONVERSION = YES;
				CLANG_WARN_OBJC_ROOT_CLASS = YES_ERROR;
				CLANG_WARN_QUOTED_INCLUDE_IN_FRAMEWORK_HEADER = YES;
				CLANG_WARN_RANGE_LOOP_ANALYSIS = YES;
				CLANG_WARN_STRICT_PROTOTYPES = YES;
				CLANG_WARN_SUSPICIOUS_MOVE = YES;
				CLANG_WARN_UNGUARDED_AVAILABILITY = YES_AGGRESSIVE;
				CLANG_WARN_UNREACHABLE_CODE = YES;
				CLANG_WARN__DUPLICATE_METHOD_MATCH = YES;
				COPY_PHASE_STRIP = NO;
				DEBUG_INFORMATION_FORMAT = dwarf;
				DEVELOPMENT_TEAM = 5C4299VVGU;
				ENABLE_STRICT_OBJC_MSGSEND = YES;
				ENABLE_TESTABILITY = YES;
				ENABLE_USER_SCRIPT_SANDBOXING = YES;
				GCC_C_LANGUAGE_STANDARD = gnu17;
				GCC_DYNAMIC_NO_PIC = NO;
				GCC_NO_COMMON_BLOCKS = YES;
				GCC_OPTIMIZATION_LEVEL = 0;
				GCC_PREPROCESSOR_DEFINITIONS = (
					"DEBUG=1",
					"$(inherited)",
				);
				GCC_WARN_64_TO_32_BIT_CONVERSION = YES;
				GCC_WARN_ABOUT_RETURN_TYPE = YES_ERROR;
				GCC_WARN_UNDECLARED_SELECTOR = YES;
				GCC_WARN_UNINITIALIZED_AUTOS = YES_AGGRESSIVE;
				GCC_WARN_UNUSED_FUNCTION = YES;
				GCC_WARN_UNUSED_VARIABLE = YES;
				IPHONEOS_DEPLOYMENT_TARGET = 18.6;
				LOCALIZATION_PREFERS_STRING_CATALOGS = YES;
				MTL_ENABLE_DEBUG_INFO = INCLUDE_SOURCE;
				MTL_FAST_MATH = YES;
				ONLY_ACTIVE_ARCH = YES;
				SDKROOT = iphoneos;
				SWIFT_ACTIVE_COMPILATION_CONDITIONS = "DEBUG $(inherited)";
				SWIFT_OPTIMIZATION_LEVEL = "-Onone";
			};
			name = Debug;
		};
		D7BF49C82EDDAA1400218489 /* Release */ = {
			isa = XCBuildConfiguration;
			baseConfigurationReference = D7C0F1A12F67000A0059DD01 /* Release.xcconfig */;
			buildSettings = {
				ALWAYS_SEARCH_USER_PATHS = NO;
				ASSETCATALOG_COMPILER_GENERATE_SWIFT_ASSET_SYMBOL_EXTENSIONS = YES;
				CLANG_ANALYZER_NONNULL = YES;
				CLANG_ANALYZER_NUMBER_OBJECT_CONVERSION = YES_AGGRESSIVE;
				CLANG_CXX_LANGUAGE_STANDARD = "gnu++20";
				CLANG_ENABLE_MODULES = YES;
				CLANG_ENABLE_OBJC_ARC = YES;
				CLANG_ENABLE_OBJC_WEAK = YES;
				CLANG_WARN_BLOCK_CAPTURE_AUTORELEASING = YES;
				CLANG_WARN_BOOL_CONVERSION = YES;
				CLANG_WARN_COMMA = YES;
				CLANG_WARN_CONSTANT_CONVERSION = YES;
				CLANG_WARN_DEPRECATED_OBJC_IMPLEMENTATIONS = YES;
				CLANG_WARN_DIRECT_OBJC_ISA_USAGE = YES_ERROR;
				CLANG_WARN_DOCUMENTATION_COMMENTS = YES;
				CLANG_WARN_EMPTY_BODY = YES;
				CLANG_WARN_ENUM_CONVERSION = YES;
				CLANG_WARN_INFINITE_RECURSION = YES;
				CLANG_WARN_INT_CONVERSION = YES;
				CLANG_WARN_NON_LITERAL_NULL_CONVERSION = YES;
				CLANG_WARN_OBJC_IMPLICIT_RETAIN_SELF = YES;
				CLANG_WARN_OBJC_LITERAL_CONVERSION = YES;
				CLANG_WARN_OBJC_ROOT_CLASS = YES_ERROR;
				CLANG_WARN_QUOTED_INCLUDE_IN_FRAMEWORK_HEADER = YES;
				CLANG_WARN_RANGE_LOOP_ANALYSIS = YES;
				CLANG_WARN_STRICT_PROTOTYPES = YES;
				CLANG_WARN_SUSPICIOUS_MOVE = YES;
				CLANG_WARN_UNGUARDED_AVAILABILITY = YES_AGGRESSIVE;
				CLANG_WARN_UNREACHABLE_CODE = YES;
				CLANG_WARN__DUPLICATE_METHOD_MATCH = YES;
				COPY_PHASE_STRIP = NO;
				DEBUG_INFORMATION_FORMAT = "dwarf-with-dsym";
				DEVELOPMENT_TEAM = 5C4299VVGU;
				ENABLE_NS_ASSERTIONS = NO;
				ENABLE_STRICT_OBJC_MSGSEND = YES;
				ENABLE_USER_SCRIPT_SANDBOXING = YES;
				GCC_C_LANGUAGE_STANDARD = gnu17;
				GCC_NO_COMMON_BLOCKS = YES;
				GCC_WARN_64_TO_32_BIT_CONVERSION = YES;
				GCC_WARN_ABOUT_RETURN_TYPE = YES_ERROR;
				GCC_WARN_UNDECLARED_SELECTOR = YES;
				GCC_WARN_UNINITIALIZED_AUTOS = YES_AGGRESSIVE;
				GCC_WARN_UNUSED_FUNCTION = YES;
				GCC_WARN_UNUSED_VARIABLE = YES;
				IPHONEOS_DEPLOYMENT_TARGET = 18.6;
				LOCALIZATION_PREFERS_STRING_CATALOGS = YES;
				MTL_ENABLE_DEBUG_INFO = NO;
				MTL_FAST_MATH = YES;
				SDKROOT = iphoneos;
				SWIFT_COMPILATION_MODE = wholemodule;
				VALIDATE_PRODUCT = YES;
			};
			name = Release;
		};
		D7BF49CA2EDDAA1400218489 /* Debug */ = {
			isa = XCBuildConfiguration;
			buildSettings = {
				ASSETCATALOG_COMPILER_APPICON_NAME = AppIcon;
				ASSETCATALOG_COMPILER_GLOBAL_ACCENT_COLOR_NAME = AccentColor;
				CURRENT_PROJECT_VERSION = 1;
				ENABLE_PREVIEWS = YES;
				INFOPLIST_KEY_UIApplicationSceneManifest_Generation = YES;
				INFOPLIST_KEY_UIApplicationSupportsIndirectInputEvents = YES;
				INFOPLIST_KEY_UILaunchScreen_Generation = YES;
				INFOPLIST_KEY_UISupportedInterfaceOrientations_iPad = "UIInterfaceOrientationPortrait UIInterfaceOrientationPortraitUpsideDown UIInterfaceOrientationLandscapeLeft UIInterfaceOrientationLandscapeRight";
				INFOPLIST_KEY_UISupportedInterfaceOrientations_iPhone = "UIInterfaceOrientationPortrait UIInterfaceOrientationLandscapeLeft UIInterfaceOrientationLandscapeRight";
				LD_RUNPATH_SEARCH_PATHS = (
					"$(inherited)",
					"@executable_path/Frameworks",
				);
				MARKETING_VERSION = 1.0;
				STRING_CATALOG_GENERATE_SYMBOLS = YES;
				SWIFT_APPROACHABLE_CONCURRENCY = YES;
				SWIFT_DEFAULT_ACTOR_ISOLATION = MainActor;
				SWIFT_EMIT_LOC_STRINGS = YES;
				SWIFT_UPCOMING_FEATURE_MEMBER_IMPORT_VISIBILITY = YES;
				SWIFT_VERSION = 5.0;
				TARGETED_DEVICE_FAMILY = "1,2";
			};
			name = Debug;
		};
		D7BF49CB2EDDAA1400218489 /* Release */ = {
			isa = XCBuildConfiguration;
			buildSettings = {
				ASSETCATALOG_COMPILER_APPICON_NAME = AppIcon;
				ASSETCATALOG_COMPILER_GLOBAL_ACCENT_COLOR_NAME = AccentColor;
				CURRENT_PROJECT_VERSION = 1;
				ENABLE_PREVIEWS = YES;
				INFOPLIST_KEY_UIApplicationSceneManifest_Generation = YES;
				INFOPLIST_KEY_UIApplicationSupportsIndirectInputEvents = YES;
				INFOPLIST_KEY_UILaunchScreen_Generation = YES;
				INFOPLIST_KEY_UISupportedInterfaceOrientations_iPad = "UIInterfaceOrientationPortrait UIInterfaceOrientationPortraitUpsideDown UIInterfaceOrientationLandscapeLeft UIInterfaceOrientationLandscapeRight";
				INFOPLIST_KEY_UISupportedInterfaceOrientations_iPhone = "UIInterfaceOrientationPortrait UIInterfaceOrientationLandscapeLeft UIInterfaceOrientationLandscapeRight";
				LD_RUNPATH_SEARCH_PATHS = (
					"$(inherited)",
					"@executable_path/Frameworks",
				);
				MARKETING_VERSION = 1.0;
				STRING_CATALOG_GENERATE_SYMBOLS = YES;
				SWIFT_APPROACHABLE_CONCURRENCY = YES;
				SWIFT_DEFAULT_ACTOR_ISOLATION = MainActor;
				SWIFT_EMIT_LOC_STRINGS = YES;
				SWIFT_UPCOMING_FEATURE_MEMBER_IMPORT_VISIBILITY = YES;
				SWIFT_VERSION = 5.0;
				TARGETED_DEVICE_FAMILY = "1,2";
			};
			name = Release;
		};
		D7BF49CD2EDDAA1400218489 /* Debug */ = {
			isa = XCBuildConfiguration;
			buildSettings = {
				BUNDLE_LOADER = "$(TEST_HOST)";
				CODE_SIGN_STYLE = Automatic;
				CURRENT_PROJECT_VERSION = 1;
				DEVELOPMENT_TEAM = 5C4299VVGU;
				GENERATE_INFOPLIST_FILE = YES;
				IPHONEOS_DEPLOYMENT_TARGET = 26.1;
				MARKETING_VERSION = 1.0;
				PRODUCT_BUNDLE_IDENTIFIER = com.swipop.app.dev.tests;
				PRODUCT_NAME = "$(TARGET_NAME)";
				STRING_CATALOG_GENERATE_SYMBOLS = NO;
				SWIFT_APPROACHABLE_CONCURRENCY = YES;
				SWIFT_EMIT_LOC_STRINGS = NO;
				SWIFT_UPCOMING_FEATURE_MEMBER_IMPORT_VISIBILITY = YES;
				SWIFT_VERSION = 5.0;
				TARGETED_DEVICE_FAMILY = "1,2";
				TEST_HOST = "$(BUILT_PRODUCTS_DIR)/Swipop.app/$(BUNDLE_EXECUTABLE_FOLDER_PATH)/Swipop";
			};
			name = Debug;
		};
		D7BF49CE2EDDAA1400218489 /* Release */ = {
			isa = XCBuildConfiguration;
			buildSettings = {
				BUNDLE_LOADER = "$(TEST_HOST)";
				CODE_SIGN_STYLE = Automatic;
				CURRENT_PROJECT_VERSION = 1;
				DEVELOPMENT_TEAM = 5C4299VVGU;
				GENERATE_INFOPLIST_FILE = YES;
				IPHONEOS_DEPLOYMENT_TARGET = 26.1;
				MARKETING_VERSION = 1.0;
				PRODUCT_BUNDLE_IDENTIFIER = com.swipop.app.tests;
				PRODUCT_NAME = "$(TARGET_NAME)";
				STRING_CATALOG_GENERATE_SYMBOLS = NO;
				SWIFT_APPROACHABLE_CONCURRENCY = YES;
				SWIFT_EMIT_LOC_STRINGS = NO;
				SWIFT_UPCOMING_FEATURE_MEMBER_IMPORT_VISIBILITY = YES;
				SWIFT_VERSION = 5.0;
				TARGETED_DEVICE_FAMILY = "1,2";
				TEST_HOST = "$(BUILT_PRODUCTS_DIR)/Swipop.app/$(BUNDLE_EXECUTABLE_FOLDER_PATH)/Swipop";
			};
			name = Release;
		};
		D7BF49D02EDDAA1400218489 /* Debug */ = {
			isa = XCBuildConfiguration;
			buildSettings = {
				CODE_SIGN_STYLE = Automatic;
				CURRENT_PROJECT_VERSION = 1;
				DEVELOPMENT_TEAM = 5C4299VVGU;
				GENERATE_INFOPLIST_FILE = YES;
				MARKETING_VERSION = 1.0;
				PRODUCT_BUNDLE_IDENTIFIER = com.swipop.app.dev.uitests;
				PRODUCT_NAME = "$(TARGET_NAME)";
				STRING_CATALOG_GENERATE_SYMBOLS = NO;
				SWIFT_APPROACHABLE_CONCURRENCY = YES;
				SWIFT_EMIT_LOC_STRINGS = NO;
				SWIFT_UPCOMING_FEATURE_MEMBER_IMPORT_VISIBILITY = YES;
				SWIFT_VERSION = 5.0;
				TARGETED_DEVICE_FAMILY = "1,2";
				TEST_TARGET_NAME = Swipop;
			};
			name = Debug;
		};
		D7BF49D12EDDAA1400218489 /* Release */ = {
			isa = XCBuildConfiguration;
			buildSettings = {
				CODE_SIGN_STYLE = Automatic;
				CURRENT_PROJECT_VERSION = 1;
				DEVELOPMENT_TEAM = 5C4299VVGU;
				GENERATE_INFOPLIST_FILE = YES;
				MARKETING_VERSION = 1.0;
				PRODUCT_BUNDLE_IDENTIFIER = com.swipop.app.uitests;
				PRODUCT_NAME = "$(TARGET_NAME)";
				STRING_CATALOG_GENERATE_SYMBOLS = NO;
				SWIFT_APPROACHABLE_CONCURRENCY = YES;
				SWIFT_EMIT_LOC_STRINGS = NO;
				SWIFT_UPCOMING_FEATURE_MEMBER_IMPORT_VISIBILITY = YES;
				SWIFT_VERSION = 5.0;
				TARGETED_DEVICE_FAMILY = "1,2";
				TEST_TARGET_NAME = Swipop;
			};
			name = Release;
		};
/* End XCBuildConfiguration section */

/* Begin XCConfigurationList section */
		D7BF49A32EDDAA1200218489 /* Build configuration list for PBXProject "Swipop" */ = {
			isa = XCConfigurationList;
			buildConfigurations = (
				D7BF49C72EDDAA1400218489 /* Debug */,
				D7BF49C82EDDAA1400218489 /* Release */,
			);
			defaultConfigurationIsVisible = 0;
			defaultConfigurationName = Release;
		};
		D7BF49C92EDDAA1400218489 /* Build configuration list for PBXNativeTarget "Swipop" */ = {
			isa = XCConfigurationList;
			buildConfigurations = (
				D7BF49CA2EDDAA1400218489 /* Debug */,
				D7BF49CB2EDDAA1400218489 /* Release */,
			);
			defaultConfigurationIsVisible = 0;
			defaultConfigurationName = Release;
		};
		D7BF49CC2EDDAA1400218489 /* Build configuration list for PBXNativeTarget "SwipopTests" */ = {
			isa = XCConfigurationList;
			buildConfigurations = (
				D7BF49CD2EDDAA1400218489 /* Debug */,
				D7BF49CE2EDDAA1400218489 /* Release */,
			);
			defaultConfigurationIsVisible = 0;
			defaultConfigurationName = Release;
		};
		D7BF49CF2EDDAA1400218489 /* Build configuration list for PBXNativeTarget "SwipopUITests" */ = {
			isa = XCConfigurationList;
			buildConfigurations = (
				D7BF49D02EDDAA1400218489 /* Debug */,
				D7BF49D12EDDAA1400218489 /* Release */,
			);
			defaultConfigurationIsVisible = 0;
			defaultConfigurationName = Release;
		};
/* End XCConfigurationList section */

/* Begin XCRemoteSwiftPackageReference section */
		D73043672EDE77540059DD01 /* XCRemoteSwiftPackageReference "Runestone" */ = {
			isa = XCRemoteSwiftPackageReference;
			repositoryURL = "https://github.com/simonbs/Runestone.git";
			requirement = {
				kind = upToNextMajorVersion;
				minimumVersion = 0.5.1;
			};
		};
		D730457C2EDE7B030059DD01 /* XCRemoteSwiftPackageReference "TreeSitterLanguages" */ = {
			isa = XCRemoteSwiftPackageReference;
			repositoryURL = "https://github.com/simonbs/TreeSitterLanguages.git";
			requirement = {
				kind = upToNextMajorVersion;
				minimumVersion = 0.1.10;
			};
		};
		D73047E72EDE7D230059DD01 /* XCRemoteSwiftPackageReference "OpenAI" */ = {
			isa = XCRemoteSwiftPackageReference;
			repositoryURL = "https://github.com/MacPaw/OpenAI.git";
			requirement = {
				kind = upToNextMajorVersion;
				minimumVersion = 0.4.7;
			};
		};
		D730489E2EE04B4C0059DD01 /* XCRemoteSwiftPackageReference "Kingfisher" */ = {
			isa = XCRemoteSwiftPackageReference;
			repositoryURL = "https://github.com/onevcat/Kingfisher.git";
			requirement = {
				kind = upToNextMajorVersion;
				minimumVersion = 8.6.2;
			};
		};
		D7486DD12F66501400F13D19 /* XCRemoteSwiftPackageReference "clerk-ios" */ = {
			isa = XCRemoteSwiftPackageReference;
			repositoryURL = "https://github.com/clerk/clerk-ios";
			requirement = {
				kind = upToNextMajorVersion;
				minimumVersion = 1.0.5;
			};
		};
/* End XCRemoteSwiftPackageReference section */

/* Begin XCSwiftPackageProductDependency section */
		D73043842EDE7C000059DD01 /* Runestone */ = {
			isa = XCSwiftPackageProductDependency;
			package = D73043672EDE77540059DD01 /* XCRemoteSwiftPackageReference "Runestone" */;
			productName = Runestone;
		};
		D730457D2EDE7B030059DD01 /* TreeSitterCSSRunestone */ = {
			isa = XCSwiftPackageProductDependency;
			package = D730457C2EDE7B030059DD01 /* XCRemoteSwiftPackageReference "TreeSitterLanguages" */;
			productName = TreeSitterCSSRunestone;
		};
		D730457F2EDE7B030059DD01 /* TreeSitterHTMLRunestone */ = {
			isa = XCSwiftPackageProductDependency;
			package = D730457C2EDE7B030059DD01 /* XCRemoteSwiftPackageReference "TreeSitterLanguages" */;
			productName = TreeSitterHTMLRunestone;
		};
		D73045812EDE7B030059DD01 /* TreeSitterJavaScriptRunestone */ = {
			isa = XCSwiftPackageProductDependency;
			package = D730457C2EDE7B030059DD01 /* XCRemoteSwiftPackageReference "TreeSitterLanguages" */;
			productName = TreeSitterJavaScriptRunestone;
		};
		D73047E82EDE7D230059DD01 /* OpenAI */ = {
			isa = XCSwiftPackageProductDependency;
			package = D73047E72EDE7D230059DD01 /* XCRemoteSwiftPackageReference "OpenAI" */;
			productName = OpenAI;
		};
		D730489F2EE04B4C0059DD01 /* Kingfisher */ = {
			isa = XCSwiftPackageProductDependency;
			package = D730489E2EE04B4C0059DD01 /* XCRemoteSwiftPackageReference "Kingfisher" */;
			productName = Kingfisher;
		};
		D7486DD22F66501400F13D19 /* ClerkKit */ = {
			isa = XCSwiftPackageProductDependency;
			package = D7486DD12F66501400F13D19 /* XCRemoteSwiftPackageReference "clerk-ios" */;
			productName = ClerkKit;
		};
		D7486DD42F66501400F13D19 /* ClerkKitUI */ = {
			isa = XCSwiftPackageProductDependency;
			package = D7486DD12F66501400F13D19 /* XCRemoteSwiftPackageReference "clerk-ios" */;
			productName = ClerkKitUI;
		};
/* End XCSwiftPackageProductDependency section */
	};
	rootObject = D7BF49A02EDDAA1200218489 /* Project object */;
}
